// !$*UTF8*$!
{
	archiveVersion = 1;
	classes = {
	};
	objectVersion = 56;
	objects = {

/* Begin PBXBuildFile section */
		C929098E293DFFD000679542 /* Morpion_GameApp.swift in Sources */ = {isa = PBXBuildFile; fileRef = C929098D293DFFD000679542 /* Morpion_GameApp.swift */; };
		C9290990293DFFD000679542 /* ContentView.swift in Sources */ = {isa = PBXBuildFile; fileRef = C929098F293DFFD000679542 /* ContentView.swift */; };
		C9290992293DFFD100679542 /* Assets.xcassets in Resources */ = {isa = PBXBuildFile; fileRef = C9290991293DFFD100679542 /* Assets.xcassets */; };
		C9290995293DFFD100679542 /* Preview Assets.xcassets in Resources */ = {isa = PBXBuildFile; fileRef = C9290994293DFFD100679542 /* Preview Assets.xcassets */; };
		C9334FB0298E818D009078A8 /* SettingsView.swift in Sources */ = {isa = PBXBuildFile; fileRef = C9334FAF298E818D009078A8 /* SettingsView.swift */; };
		C9334FB6298E8C64009078A8 /* VolumeSlider.swift in Sources */ = {isa = PBXBuildFile; fileRef = C9334FB5298E8C64009078A8 /* VolumeSlider.swift */; };
		C9334FBA298E9007009078A8 /* MusicView.swift in Sources */ = {isa = PBXBuildFile; fileRef = C9334FB9298E9007009078A8 /* MusicView.swift */; };
		C9334FC6298E9AEC009078A8 /* SFSymbolsPicker in Frameworks */ = {isa = PBXBuildFile; productRef = C9334FC5298E9AEC009078A8 /* SFSymbolsPicker */; };
		C977F618298F06D800CC931D /* music.mp3 in Resources */ = {isa = PBXBuildFile; fileRef = C977F617298F06D800CC931D /* music.mp3 */; };
		C981226D298735600007F6D2 /* TwoPlayerView.swift in Sources */ = {isa = PBXBuildFile; fileRef = C981226C298735600007F6D2 /* TwoPlayerView.swift */; };
		C9C54B202946754800B4636F /* MenuView.swift in Sources */ = {isa = PBXBuildFile; fileRef = C9C54B1F2946754800B4636F /* MenuView.swift */; };
		C9D6FCB929901D8000BDAEFD /* BackgroundMusic.swift in Sources */ = {isa = PBXBuildFile; fileRef = C9D6FCB829901D8000BDAEFD /* BackgroundMusic.swift */; };
		C9D6FCBB2990499B00BDAEFD /* SharedParameters.swift in Sources */ = {isa = PBXBuildFile; fileRef = C9D6FCBA2990499B00BDAEFD /* SharedParameters.swift */; };
/* End PBXBuildFile section */

/* Begin PBXFileReference section */
		C929098A293DFFD000679542 /* Morpion Game.app */ = {isa = PBXFileReference; explicitFileType = wrapper.application; includeInIndex = 0; path = "Morpion Game.app"; sourceTree = BUILT_PRODUCTS_DIR; };
		C929098D293DFFD000679542 /* Morpion_GameApp.swift */ = {isa = PBXFileReference; lastKnownFileType = sourcecode.swift; path = Morpion_GameApp.swift; sourceTree = "<group>"; };
		C929098F293DFFD000679542 /* ContentView.swift */ = {isa = PBXFileReference; lastKnownFileType = sourcecode.swift; path = ContentView.swift; sourceTree = "<group>"; };
		C9290991293DFFD100679542 /* Assets.xcassets */ = {isa = PBXFileReference; lastKnownFileType = folder.assetcatalog; path = Assets.xcassets; sourceTree = "<group>"; };
		C9290994293DFFD100679542 /* Preview Assets.xcassets */ = {isa = PBXFileReference; lastKnownFileType = folder.assetcatalog; path = "Preview Assets.xcassets"; sourceTree = "<group>"; };
		C9334FAF298E818D009078A8 /* SettingsView.swift */ = {isa = PBXFileReference; lastKnownFileType = sourcecode.swift; path = SettingsView.swift; sourceTree = "<group>"; };
		C9334FB5298E8C64009078A8 /* VolumeSlider.swift */ = {isa = PBXFileReference; lastKnownFileType = sourcecode.swift; path = VolumeSlider.swift; sourceTree = "<group>"; };
		C9334FB9298E9007009078A8 /* MusicView.swift */ = {isa = PBXFileReference; lastKnownFileType = sourcecode.swift; path = MusicView.swift; sourceTree = "<group>"; };
		C977F617298F06D800CC931D /* music.mp3 */ = {isa = PBXFileReference; lastKnownFileType = audio.mp3; path = music.mp3; sourceTree = "<group>"; };
		C981226C298735600007F6D2 /* TwoPlayerView.swift */ = {isa = PBXFileReference; lastKnownFileType = sourcecode.swift; path = TwoPlayerView.swift; sourceTree = "<group>"; };
		C9C54B1F2946754800B4636F /* MenuView.swift */ = {isa = PBXFileReference; lastKnownFileType = sourcecode.swift; path = MenuView.swift; sourceTree = "<group>"; };
		C9D6FCB829901D8000BDAEFD /* BackgroundMusic.swift */ = {isa = PBXFileReference; lastKnownFileType = sourcecode.swift; path = BackgroundMusic.swift; sourceTree = "<group>"; };
		C9D6FCBA2990499B00BDAEFD /* SharedParameters.swift */ = {isa = PBXFileReference; lastKnownFileType = sourcecode.swift; path = SharedParameters.swift; sourceTree = "<group>"; };
/* End PBXFileReference section */

/* Begin PBXFrameworksBuildPhase section */
		C9290987293DFFD000679542 /* Frameworks */ = {
			isa = PBXFrameworksBuildPhase;
			buildActionMask = 2147483647;
			files = (
				C9334FC6298E9AEC009078A8 /* SFSymbolsPicker in Frameworks */,
			);
			runOnlyForDeploymentPostprocessing = 0;
		};
/* End PBXFrameworksBuildPhase section */

/* Begin PBXGroup section */
		C9290981293DFFD000679542 = {
			isa = PBXGroup;
			children = (
				C929098C293DFFD000679542 /* Morpion Game */,
				C929098B293DFFD000679542 /* Products */,
				C9334FC4298E9AEC009078A8 /* Frameworks */,
			);
			sourceTree = "<group>";
		};
		C929098B293DFFD000679542 /* Products */ = {
			isa = PBXGroup;
			children = (
				C929098A293DFFD000679542 /* Morpion Game.app */,
			);
			name = Products;
			sourceTree = "<group>";
		};
		C929098C293DFFD000679542 /* Morpion Game */ = {
			isa = PBXGroup;
			children = (
				C929098D293DFFD000679542 /* Morpion_GameApp.swift */,
				C9D6FCBA2990499B00BDAEFD /* SharedParameters.swift */,
				C9334FAF298E818D009078A8 /* SettingsView.swift */,
				C9334FB5298E8C64009078A8 /* VolumeSlider.swift */,
				C9D6FCB829901D8000BDAEFD /* BackgroundMusic.swift */,
				C9334FB9298E9007009078A8 /* MusicView.swift */,
				C929098F293DFFD000679542 /* ContentView.swift */,
				C981226C298735600007F6D2 /* TwoPlayerView.swift */,
				C9C54B1F2946754800B4636F /* MenuView.swift */,
				C9290991293DFFD100679542 /* Assets.xcassets */,
				C977F617298F06D800CC931D /* music.mp3 */,
				C9290993293DFFD100679542 /* Preview Content */,
			);
			path = "Morpion Game";
			sourceTree = "<group>";
		};
		C9290993293DFFD100679542 /* Preview Content */ = {
			isa = PBXGroup;
			children = (
				C9290994293DFFD100679542 /* Preview Assets.xcassets */,
			);
			path = "Preview Content";
			sourceTree = "<group>";
		};
		C9334FC4298E9AEC009078A8 /* Frameworks */ = {
			isa = PBXGroup;
			children = (
			);
			name = Frameworks;
			sourceTree = "<group>";
		};
/* End PBXGroup section */

/* Begin PBXNativeTarget section */
		C9290989293DFFD000679542 /* Morpion Game */ = {
			isa = PBXNativeTarget;
			buildConfigurationList = C9290998293DFFD100679542 /* Build configuration list for PBXNativeTarget "Morpion Game" */;
			buildPhases = (
				C9290986293DFFD000679542 /* Sources */,
				C9290987293DFFD000679542 /* Frameworks */,
				C9290988293DFFD000679542 /* Resources */,
			);
			buildRules = (
			);
			dependencies = (
			);
			name = "Morpion Game";
			packageProductDependencies = (
				C9334FC5298E9AEC009078A8 /* SFSymbolsPicker */,
			);
			productName = "Morpion Game";
			productReference = C929098A293DFFD000679542 /* Morpion Game.app */;
			productType = "com.apple.product-type.application";
		};
/* End PBXNativeTarget section */

/* Begin PBXProject section */
		C9290982293DFFD000679542 /* Project object */ = {
			isa = PBXProject;
			attributes = {
				BuildIndependentTargetsInParallel = 1;
				LastSwiftUpdateCheck = 1410;
				LastUpgradeCheck = 1410;
				TargetAttributes = {
					C9290989293DFFD000679542 = {
						CreatedOnToolsVersion = 14.1;
					};
				};
			};
			buildConfigurationList = C9290985293DFFD000679542 /* Build configuration list for PBXProject "Morpion Game" */;
			compatibilityVersion = "Xcode 14.0";
			developmentRegion = en;
			hasScannedForEncodings = 0;
			knownRegions = (
				en,
				Base,
			);
			mainGroup = C9290981293DFFD000679542;
			packageReferences = (
				C9334FBE298E9777009078A8 /* XCRemoteSwiftPackageReference "SFSymbolsPickerForSwiftUI" */,
			);
			productRefGroup = C929098B293DFFD000679542 /* Products */;
			projectDirPath = "";
			projectRoot = "";
			targets = (
				C9290989293DFFD000679542 /* Morpion Game */,
			);
		};
/* End PBXProject section */

/* Begin PBXResourcesBuildPhase section */
		C9290988293DFFD000679542 /* Resources */ = {
			isa = PBXResourcesBuildPhase;
			buildActionMask = 2147483647;
			files = (
				C9290995293DFFD100679542 /* Preview Assets.xcassets in Resources */,
				C9290992293DFFD100679542 /* Assets.xcassets in Resources */,
				C977F618298F06D800CC931D /* music.mp3 in Resources */,
			);
			runOnlyForDeploymentPostprocessing = 0;
		};
/* End PBXResourcesBuildPhase section */

/* Begin PBXSourcesBuildPhase section */
		C9290986293DFFD000679542 /* Sources */ = {
			isa = PBXSourcesBuildPhase;
			buildActionMask = 2147483647;
			files = (
				C9334FB0298E818D009078A8 /* SettingsView.swift in Sources */,
				C9D6FCB929901D8000BDAEFD /* BackgroundMusic.swift in Sources */,
				C9D6FCBB2990499B00BDAEFD /* SharedParameters.swift in Sources */,
				C981226D298735600007F6D2 /* TwoPlayerView.swift in Sources */,
				C9334FB6298E8C64009078A8 /* VolumeSlider.swift in Sources */,
				C9290990293DFFD000679542 /* ContentView.swift in Sources */,
				C9334FBA298E9007009078A8 /* MusicView.swift in Sources */,
				C9C54B202946754800B4636F /* MenuView.swift in Sources */,
				C929098E293DFFD000679542 /* Morpion_GameApp.swift in Sources */,
			);
			runOnlyForDeploymentPostprocessing = 0;
		};
/* End PBXSourcesBuildPhase section */

/* Begin XCBuildConfiguration section */
		C9290996293DFFD100679542 /* Debug */ = {
			isa = XCBuildConfiguration;
			buildSettings = {
				ALWAYS_SEARCH_USER_PATHS = NO;
				CLANG_ANALYZER_NONNULL = YES;
				CLANG_ANALYZER_NUMBER_OBJECT_CONVERSION = YES_AGGRESSIVE;
				CLANG_CXX_LANGUAGE_STANDARD = "gnu++20";
				CLANG_ENABLE_MODULES = YES;
				CLANG_ENABLE_OBJC_ARC = YES;
				CLANG_ENABLE_OBJC_WEAK = YES;
				CLANG_WARN_BLOCK_CAPTURE_AUTORELEASING = YES;
				CLANG_WARN_BOOL_CONVERSION = YES;
				CLANG_WARN_COMMA = YES;
				CLANG_WARN_CONSTANT_CONVERSION = YES;
				CLANG_WARN_DEPRECATED_OBJC_IMPLEMENTATIONS = YES;
				CLANG_WARN_DIRECT_OBJC_ISA_USAGE = YES_ERROR;
				CLANG_WARN_DOCUMENTATION_COMMENTS = YES;
				CLANG_WARN_EMPTY_BODY = YES;
				CLANG_WARN_ENUM_CONVERSION = YES;
				CLANG_WARN_INFINITE_RECURSION = YES;
				CLANG_WARN_INT_CONVERSION = YES;
				CLANG_WARN_NON_LITERAL_NULL_CONVERSION = YES;
				CLANG_WARN_OBJC_IMPLICIT_RETAIN_SELF = YES;
				CLANG_WARN_OBJC_LITERAL_CONVERSION = YES;
				CLANG_WARN_OBJC_ROOT_CLASS = YES_ERROR;
				CLANG_WARN_QUOTED_INCLUDE_IN_FRAMEWORK_HEADER = YES;
				CLANG_WARN_RANGE_LOOP_ANALYSIS = YES;
				CLANG_WARN_STRICT_PROTOTYPES = YES;
				CLANG_WARN_SUSPICIOUS_MOVE = YES;
				CLANG_WARN_UNGUARDED_AVAILABILITY = YES_AGGRESSIVE;
				CLANG_WARN_UNREACHABLE_CODE = YES;
				CLANG_WARN__DUPLICATE_METHOD_MATCH = YES;
				COPY_PHASE_STRIP = NO;
				DEBUG_INFORMATION_FORMAT = dwarf;
				ENABLE_STRICT_OBJC_MSGSEND = YES;
				ENABLE_TESTABILITY = YES;
				GCC_C_LANGUAGE_STANDARD = gnu11;
				GCC_DYNAMIC_NO_PIC = NO;
				GCC_NO_COMMON_BLOCKS = YES;
				GCC_OPTIMIZATION_LEVEL = 0;
				GCC_PREPROCESSOR_DEFINITIONS = (
					"DEBUG=1",
					"$(inherited)",
				);
				GCC_WARN_64_TO_32_BIT_CONVERSION = YES;
				GCC_WARN_ABOUT_RETURN_TYPE = YES_ERROR;
				GCC_WARN_UNDECLARED_SELECTOR = YES;
				GCC_WARN_UNINITIALIZED_AUTOS = YES_AGGRESSIVE;
				GCC_WARN_UNUSED_FUNCTION = YES;
				GCC_WARN_UNUSED_VARIABLE = YES;
				IPHONEOS_DEPLOYMENT_TARGET = 16.1;
				MTL_ENABLE_DEBUG_INFO = INCLUDE_SOURCE;
				MTL_FAST_MATH = YES;
				ONLY_ACTIVE_ARCH = YES;
				SDKROOT = iphoneos;
				SWIFT_ACTIVE_COMPILATION_CONDITIONS = DEBUG;
				SWIFT_OPTIMIZATION_LEVEL = "-Onone";
			};
			name = Debug;
		};
		C9290997293DFFD100679542 /* Release */ = {
			isa = XCBuildConfiguration;
			buildSettings = {
				ALWAYS_SEARCH_USER_PATHS = NO;
				CLANG_ANALYZER_NONNULL = YES;
				CLANG_ANALYZER_NUMBER_OBJECT_CONVERSION = YES_AGGRESSIVE;
				CLANG_CXX_LANGUAGE_STANDARD = "gnu++20";
				CLANG_ENABLE_MODULES = YES;
				CLANG_ENABLE_OBJC_ARC = YES;
				CLANG_ENABLE_OBJC_WEAK = YES;
				CLANG_WARN_BLOCK_CAPTURE_AUTORELEASING = YES;
				CLANG_WARN_BOOL_CONVERSION = YES;
				CLANG_WARN_COMMA = YES;
				CLANG_WARN_CONSTANT_CONVERSION = YES;
				CLANG_WARN_DEPRECATED_OBJC_IMPLEMENTATIONS = YES;
				CLANG_WARN_DIRECT_OBJC_ISA_USAGE = YES_ERROR;
				CLANG_WARN_DOCUMENTATION_COMMENTS = YES;
				CLANG_WARN_EMPTY_BODY = YES;
				CLANG_WARN_ENUM_CONVERSION = YES;
				CLANG_WARN_INFINITE_RECURSION = YES;
				CLANG_WARN_INT_CONVERSION = YES;
				CLANG_WARN_NON_LITERAL_NULL_CONVERSION = YES;
				CLANG_WARN_OBJC_IMPLICIT_RETAIN_SELF = YES;
				CLANG_WARN_OBJC_LITERAL_CONVERSION = YES;
				CLANG_WARN_OBJC_ROOT_CLASS = YES_ERROR;
				CLANG_WARN_QUOTED_INCLUDE_IN_FRAMEWORK_HEADER = YES;
				CLANG_WARN_RANGE_LOOP_ANALYSIS = YES;
				CLANG_WARN_STRICT_PROTOTYPES = YES;
				CLANG_WARN_SUSPICIOUS_MOVE = YES;
				CLANG_WARN_UNGUARDED_AVAILABILITY = YES_AGGRESSIVE;
				CLANG_WARN_UNREACHABLE_CODE = YES;
				CLANG_WARN__DUPLICATE_METHOD_MATCH = YES;
				COPY_PHASE_STRIP = NO;
				DEBUG_INFORMATION_FORMAT = "dwarf-with-dsym";
				ENABLE_NS_ASSERTIONS = NO;
				ENABLE_STRICT_OBJC_MSGSEND = YES;
				GCC_C_LANGUAGE_STANDARD = gnu11;
				GCC_NO_COMMON_BLOCKS = YES;
				GCC_WARN_64_TO_32_BIT_CONVERSION = YES;
				GCC_WARN_ABOUT_RETURN_TYPE = YES_ERROR;
				GCC_WARN_UNDECLARED_SELECTOR = YES;
				GCC_WARN_UNINITIALIZED_AUTOS = YES_AGGRESSIVE;
				GCC_WARN_UNUSED_FUNCTION = YES;
				GCC_WARN_UNUSED_VARIABLE = YES;
				IPHONEOS_DEPLOYMENT_TARGET = 16.1;
				MTL_ENABLE_DEBUG_INFO = NO;
				MTL_FAST_MATH = YES;
				SDKROOT = iphoneos;
				SWIFT_COMPILATION_MODE = wholemodule;
				SWIFT_OPTIMIZATION_LEVEL = "-O";
				VALIDATE_PRODUCT = YES;
			};
			name = Release;
		};
		C9290999293DFFD100679542 /* Debug */ = {
			isa = XCBuildConfiguration;
			buildSettings = {
				ASSETCATALOG_COMPILER_APPICON_NAME = AppIcon;
				ASSETCATALOG_COMPILER_GLOBAL_ACCENT_COLOR_NAME = AccentColor;
				CODE_SIGN_STYLE = Automatic;
				CURRENT_PROJECT_VERSION = 1;
				DEVELOPMENT_ASSET_PATHS = "Morpion\\ Game/music.mp3 Morpion\\ Game/Preview\\ Content";
				DEVELOPMENT_TEAM = 53BB887GNG;
				ENABLE_PREVIEWS = YES;
				GENERATE_INFOPLIST_FILE = YES;
				INFOPLIST_KEY_CFBundleDisplayName = Morpion;
				INFOPLIST_KEY_LSApplicationCategoryType = "public.app-category.board-games";
				INFOPLIST_KEY_UIApplicationSceneManifest_Generation = YES;
				INFOPLIST_KEY_UIApplicationSupportsIndirectInputEvents = YES;
				INFOPLIST_KEY_UILaunchScreen_Generation = YES;
				INFOPLIST_KEY_UISupportedInterfaceOrientations = "UIInterfaceOrientationPortrait UIInterfaceOrientationPortraitUpsideDown";
				LD_RUNPATH_SEARCH_PATHS = (
					"$(inherited)",
					"@executable_path/Frameworks",
				);
				MARKETING_VERSION = 1.0;
				PRODUCT_BUNDLE_IDENTIFIER = "Frederic.ALPHONSE.Morpion-Game";
				PRODUCT_NAME = "$(TARGET_NAME)";
				SWIFT_EMIT_LOC_STRINGS = YES;
				SWIFT_VERSION = 5.0;
				TARGETED_DEVICE_FAMILY = "1,2";
			};
			name = Debug;
		};
		C929099A293DFFD100679542 /* Release */ = {
			isa = XCBuildConfiguration;
			buildSettings = {
				ASSETCATALOG_COMPILER_APPICON_NAME = AppIcon;
				ASSETCATALOG_COMPILER_GLOBAL_ACCENT_COLOR_NAME = AccentColor;
				CODE_SIGN_STYLE = Automatic;
				CURRENT_PROJECT_VERSION = 1;
				DEVELOPMENT_ASSET_PATHS = "Morpion\\ Game/music.mp3 Morpion\\ Game/Preview\\ Content";
				DEVELOPMENT_TEAM = 53BB887GNG;
				ENABLE_PREVIEWS = YES;
				GENERATE_INFOPLIST_FILE = YES;
				INFOPLIST_KEY_CFBundleDisplayName = Morpion;
				INFOPLIST_KEY_LSApplicationCategoryType = "public.app-category.board-games";
				INFOPLIST_KEY_UIApplicationSceneManifest_Generation = YES;
				INFOPLIST_KEY_UIApplicationSupportsIndirectInputEvents = YES;
				INFOPLIST_KEY_UILaunchScreen_Generation = YES;
				INFOPLIST_KEY_UISupportedInterfaceOrientations = "UIInterfaceOrientationPortrait UIInterfaceOrientationPortraitUpsideDown";
				LD_RUNPATH_SEARCH_PATHS = (
					"$(inherited)",
					"@executable_path/Frameworks",
				);
				MARKETING_VERSION = 1.0;
				PRODUCT_BUNDLE_IDENTIFIER = "Frederic.ALPHONSE.Morpion-Game";
				PRODUCT_NAME = "$(TARGET_NAME)";
				SWIFT_EMIT_LOC_STRINGS = YES;
				SWIFT_VERSION = 5.0;
				TARGETED_DEVICE_FAMILY = "1,2";
			};
			name = Release;
		};
/* End XCBuildConfiguration section */

/* Begin XCConfigurationList section */
		C9290985293DFFD000679542 /* Build configuration list for PBXProject "Morpion Game" */ = {
			isa = XCConfigurationList;
			buildConfigurations = (
				C9290996293DFFD100679542 /* Debug */,
				C9290997293DFFD100679542 /* Release */,
			);
			defaultConfigurationIsVisible = 0;
			defaultConfigurationName = Release;
		};
		C9290998293DFFD100679542 /* Build configuration list for PBXNativeTarget "Morpion Game" */ = {
			isa = XCConfigurationList;
			buildConfigurations = (
				C9290999293DFFD100679542 /* Debug */,
				C929099A293DFFD100679542 /* Release */,
			);
			defaultConfigurationIsVisible = 0;
			defaultConfigurationName = Release;
		};
/* End XCConfigurationList section */

/* Begin XCRemoteSwiftPackageReference section */
		C9334FBE298E9777009078A8 /* XCRemoteSwiftPackageReference "SFSymbolsPickerForSwiftUI" */ = {
			isa = XCRemoteSwiftPackageReference;
			repositoryURL = "https://github.com/alessiorubicini/SFSymbolsPickerForSwiftUI";
			requirement = {
				kind = upToNextMajorVersion;
				minimumVersion = 1.0.0;
			};
		};
/* End XCRemoteSwiftPackageReference section */

/* Begin XCSwiftPackageProductDependency section */
		C9334FC5298E9AEC009078A8 /* SFSymbolsPicker */ = {
			isa = XCSwiftPackageProductDependency;
			package = C9334FBE298E9777009078A8 /* XCRemoteSwiftPackageReference "SFSymbolsPickerForSwiftUI" */;
			productName = SFSymbolsPicker;
		};
/* End XCSwiftPackageProductDependency section */
	};
	rootObject = C9290982293DFFD000679542 /* Project object */;
}
